// !$*UTF8*$!
{
	archiveVersion = 1;
	classes = {
	};
	objectVersion = 46;
	objects = {

/* Begin PBXBuildFile section */
		027C668BB23529A103B014D4 /* Pods_WeatherAppTests.framework in Frameworks */ = {isa = PBXBuildFile; fileRef = 5423FF1D30077EA6CA506C10 /* Pods_WeatherAppTests.framework */; };
		63AE63A01EC099C40055FDCF /* AppDelegate.swift in Sources */ = {isa = PBXBuildFile; fileRef = 63AE639F1EC099C40055FDCF /* AppDelegate.swift */; };
		63AE63A51EC099C40055FDCF /* Main.storyboard in Resources */ = {isa = PBXBuildFile; fileRef = 63AE63A31EC099C40055FDCF /* Main.storyboard */; };
		63AE63A71EC099C40055FDCF /* Assets.xcassets in Resources */ = {isa = PBXBuildFile; fileRef = 63AE63A61EC099C40055FDCF /* Assets.xcassets */; };
		63AE63AA1EC099C40055FDCF /* LaunchScreen.storyboard in Resources */ = {isa = PBXBuildFile; fileRef = 63AE63A81EC099C40055FDCF /* LaunchScreen.storyboard */; };
		63AE63C01EC099C40055FDCF /* WeatherAppUITests.swift in Sources */ = {isa = PBXBuildFile; fileRef = 63AE63BF1EC099C40055FDCF /* WeatherAppUITests.swift */; };
		63AE63CF1EC09AB00055FDCF /* OpenWeatherMapRouter.swift in Sources */ = {isa = PBXBuildFile; fileRef = 63AE63CE1EC09AB00055FDCF /* OpenWeatherMapRouter.swift */; };
		63AE63D11EC09BED0055FDCF /* OpenWeatherMapRouterTests.swift in Sources */ = {isa = PBXBuildFile; fileRef = 63AE63D01EC09BED0055FDCF /* OpenWeatherMapRouterTests.swift */; };
		63AE63D41EC0A5170055FDCF /* ResponseSerialization.swift in Sources */ = {isa = PBXBuildFile; fileRef = 63AE63D31EC0A5170055FDCF /* ResponseSerialization.swift */; };
		63AE63D61EC0A5350055FDCF /* BackendError.swift in Sources */ = {isa = PBXBuildFile; fileRef = 63AE63D51EC0A5350055FDCF /* BackendError.swift */; };
		63AE63D81EC0A63C0055FDCF /* ForecastModel.swift in Sources */ = {isa = PBXBuildFile; fileRef = 63AE63D71EC0A63C0055FDCF /* ForecastModel.swift */; };
		63AE63DA1EC0A7460055FDCF /* DayForecastModel.swift in Sources */ = {isa = PBXBuildFile; fileRef = 63AE63D91EC0A7460055FDCF /* DayForecastModel.swift */; };
		63AE63DC1EC0A92D0055FDCF /* DayForecastModelTests.swift in Sources */ = {isa = PBXBuildFile; fileRef = 63AE63DB1EC0A92D0055FDCF /* DayForecastModelTests.swift */; };
		63AE63DE1EC0A9390055FDCF /* ForecastModelTests.swift in Sources */ = {isa = PBXBuildFile; fileRef = 63AE63DD1EC0A9390055FDCF /* ForecastModelTests.swift */; };
		63AE63E01EC0B4E30055FDCF /* OpenWeatherMapService.swift in Sources */ = {isa = PBXBuildFile; fileRef = 63AE63DF1EC0B4E30055FDCF /* OpenWeatherMapService.swift */; };
		63AE63E31EC0C1BF0055FDCF /* DayForecastViewModel.swift in Sources */ = {isa = PBXBuildFile; fileRef = 63AE63E21EC0C1BF0055FDCF /* DayForecastViewModel.swift */; };
		63AE63E61EC0C46C0055FDCF /* WeekForecastController.swift in Sources */ = {isa = PBXBuildFile; fileRef = 63AE63E51EC0C46C0055FDCF /* WeekForecastController.swift */; };
		63AE63E81EC0C7AD0055FDCF /* ViewError.swift in Sources */ = {isa = PBXBuildFile; fileRef = 63AE63E71EC0C7AD0055FDCF /* ViewError.swift */; };
		63AE63EC1EC0CDF80055FDCF /* WeekForecastControllerTests.swift in Sources */ = {isa = PBXBuildFile; fileRef = 63AE63EB1EC0CDF80055FDCF /* WeekForecastControllerTests.swift */; };
		63AE63F11EC0DBDA0055FDCF /* ForcastViewController.swift in Sources */ = {isa = PBXBuildFile; fileRef = 63AE63F01EC0DBDA0055FDCF /* ForcastViewController.swift */; };
		63AE63F31EC0DCAA0055FDCF /* ForcastTableView.swift in Sources */ = {isa = PBXBuildFile; fileRef = 63AE63F21EC0DCAA0055FDCF /* ForcastTableView.swift */; };
		63AE63F51EC0DF0D0055FDCF /* ForecastTableViewCell.swift in Sources */ = {isa = PBXBuildFile; fileRef = 63AE63F41EC0DF0D0055FDCF /* ForecastTableViewCell.swift */; };
		63AE63F91EC0E7CD0055FDCF /* OpenWeatherMapCache.swift in Sources */ = {isa = PBXBuildFile; fileRef = 63AE63F81EC0E7CD0055FDCF /* OpenWeatherMapCache.swift */; };
		63AE63FB1EC0E8350055FDCF /* CoreData.framework in Frameworks */ = {isa = PBXBuildFile; fileRef = 63AE63FA1EC0E8350055FDCF /* CoreData.framework */; };
		63AE643C1EC0ECF60055FDCF /* DayForecastCacheModel.swift in Sources */ = {isa = PBXBuildFile; fileRef = 63AE643B1EC0ECF60055FDCF /* DayForecastCacheModel.swift */; };
		63AE643F1EC0ED970055FDCF /* ForecastCache.xcdatamodeld in Sources */ = {isa = PBXBuildFile; fileRef = 63AE643D1EC0ED970055FDCF /* ForecastCache.xcdatamodeld */; };
		63AE64521EC0F5B50055FDCF /* DayForecastEntity+CoreDataClass.swift in Sources */ = {isa = PBXBuildFile; fileRef = 63AE64501EC0F5B50055FDCF /* DayForecastEntity+CoreDataClass.swift */; };
		63AE64531EC0F5B50055FDCF /* DayForecastEntity+CoreDataProperties.swift in Sources */ = {isa = PBXBuildFile; fileRef = 63AE64511EC0F5B50055FDCF /* DayForecastEntity+CoreDataProperties.swift */; };
		C6BE46C7FA359C97C70D509E /* Pods_WeatherApp.framework in Frameworks */ = {isa = PBXBuildFile; fileRef = 22030F6739A127B9D7AA6E2C /* Pods_WeatherApp.framework */; };
		F7DF0967110E04E8831157C4 /* Pods_WeatherAppUITests.framework in Frameworks */ = {isa = PBXBuildFile; fileRef = AA0B9D6E9CC7BAF6AE2EAFEB /* Pods_WeatherAppUITests.framework */; };
/* End PBXBuildFile section */

/* Begin PBXContainerItemProxy section */
		63AE63B11EC099C40055FDCF /* PBXContainerItemProxy */ = {
			isa = PBXContainerItemProxy;
			containerPortal = 63AE63941EC099C30055FDCF /* Project object */;
			proxyType = 1;
			remoteGlobalIDString = 63AE639B1EC099C30055FDCF;
			remoteInfo = WeatherApp;
		};
		63AE63BC1EC099C40055FDCF /* PBXContainerItemProxy */ = {
			isa = PBXContainerItemProxy;
			containerPortal = 63AE63941EC099C30055FDCF /* Project object */;
			proxyType = 1;
			remoteGlobalIDString = 63AE639B1EC099C30055FDCF;
			remoteInfo = WeatherApp;
		};
/* End PBXContainerItemProxy section */

/* Begin PBXFileReference section */
		22030F6739A127B9D7AA6E2C /* Pods_WeatherApp.framework */ = {isa = PBXFileReference; explicitFileType = wrapper.framework; includeInIndex = 0; path = Pods_WeatherApp.framework; sourceTree = BUILT_PRODUCTS_DIR; };
		5423FF1D30077EA6CA506C10 /* Pods_WeatherAppTests.framework */ = {isa = PBXFileReference; explicitFileType = wrapper.framework; includeInIndex = 0; path = Pods_WeatherAppTests.framework; sourceTree = BUILT_PRODUCTS_DIR; };
		5B0E2CDDF0BCF6ED409ED6D9 /* Pods-WeatherAppTests.debug.xcconfig */ = {isa = PBXFileReference; includeInIndex = 1; lastKnownFileType = text.xcconfig; name = "Pods-WeatherAppTests.debug.xcconfig"; path = "Pods/Target Support Files/Pods-WeatherAppTests/Pods-WeatherAppTests.debug.xcconfig"; sourceTree = "<group>"; };
		6178718AFA495BF33B85E19D /* Pods-WeatherApp.debug.xcconfig */ = {isa = PBXFileReference; includeInIndex = 1; lastKnownFileType = text.xcconfig; name = "Pods-WeatherApp.debug.xcconfig"; path = "Pods/Target Support Files/Pods-WeatherApp/Pods-WeatherApp.debug.xcconfig"; sourceTree = "<group>"; };
		63AE639C1EC099C40055FDCF /* WeatherApp.app */ = {isa = PBXFileReference; explicitFileType = wrapper.application; includeInIndex = 0; path = WeatherApp.app; sourceTree = BUILT_PRODUCTS_DIR; };
		63AE639F1EC099C40055FDCF /* AppDelegate.swift */ = {isa = PBXFileReference; lastKnownFileType = sourcecode.swift; path = AppDelegate.swift; sourceTree = "<group>"; };
		63AE63A41EC099C40055FDCF /* Base */ = {isa = PBXFileReference; lastKnownFileType = file.storyboard; name = Base; path = Base.lproj/Main.storyboard; sourceTree = "<group>"; };
		63AE63A61EC099C40055FDCF /* Assets.xcassets */ = {isa = PBXFileReference; lastKnownFileType = folder.assetcatalog; path = Assets.xcassets; sourceTree = "<group>"; };
		63AE63A91EC099C40055FDCF /* Base */ = {isa = PBXFileReference; lastKnownFileType = file.storyboard; name = Base; path = Base.lproj/LaunchScreen.storyboard; sourceTree = "<group>"; };
		63AE63AB1EC099C40055FDCF /* Info.plist */ = {isa = PBXFileReference; lastKnownFileType = text.plist.xml; path = Info.plist; sourceTree = "<group>"; };
		63AE63B01EC099C40055FDCF /* WeatherAppTests.xctest */ = {isa = PBXFileReference; explicitFileType = wrapper.cfbundle; includeInIndex = 0; path = WeatherAppTests.xctest; sourceTree = BUILT_PRODUCTS_DIR; };
		63AE63B61EC099C40055FDCF /* Info.plist */ = {isa = PBXFileReference; lastKnownFileType = text.plist.xml; path = Info.plist; sourceTree = "<group>"; };
		63AE63BB1EC099C40055FDCF /* WeatherAppUITests.xctest */ = {isa = PBXFileReference; explicitFileType = wrapper.cfbundle; includeInIndex = 0; path = WeatherAppUITests.xctest; sourceTree = BUILT_PRODUCTS_DIR; };
		63AE63BF1EC099C40055FDCF /* WeatherAppUITests.swift */ = {isa = PBXFileReference; lastKnownFileType = sourcecode.swift; path = WeatherAppUITests.swift; sourceTree = "<group>"; };
		63AE63C11EC099C40055FDCF /* Info.plist */ = {isa = PBXFileReference; lastKnownFileType = text.plist.xml; path = Info.plist; sourceTree = "<group>"; };
		63AE63CE1EC09AB00055FDCF /* OpenWeatherMapRouter.swift */ = {isa = PBXFileReference; fileEncoding = 4; lastKnownFileType = sourcecode.swift; path = OpenWeatherMapRouter.swift; sourceTree = "<group>"; };
		63AE63D01EC09BED0055FDCF /* OpenWeatherMapRouterTests.swift */ = {isa = PBXFileReference; fileEncoding = 4; lastKnownFileType = sourcecode.swift; path = OpenWeatherMapRouterTests.swift; sourceTree = "<group>"; };
		63AE63D31EC0A5170055FDCF /* ResponseSerialization.swift */ = {isa = PBXFileReference; fileEncoding = 4; lastKnownFileType = sourcecode.swift; path = ResponseSerialization.swift; sourceTree = "<group>"; };
		63AE63D51EC0A5350055FDCF /* BackendError.swift */ = {isa = PBXFileReference; fileEncoding = 4; lastKnownFileType = sourcecode.swift; path = BackendError.swift; sourceTree = "<group>"; };
		63AE63D71EC0A63C0055FDCF /* ForecastModel.swift */ = {isa = PBXFileReference; fileEncoding = 4; lastKnownFileType = sourcecode.swift; path = ForecastModel.swift; sourceTree = "<group>"; };
		63AE63D91EC0A7460055FDCF /* DayForecastModel.swift */ = {isa = PBXFileReference; fileEncoding = 4; lastKnownFileType = sourcecode.swift; path = DayForecastModel.swift; sourceTree = "<group>"; };
		63AE63DB1EC0A92D0055FDCF /* DayForecastModelTests.swift */ = {isa = PBXFileReference; fileEncoding = 4; lastKnownFileType = sourcecode.swift; path = DayForecastModelTests.swift; sourceTree = "<group>"; };
		63AE63DD1EC0A9390055FDCF /* ForecastModelTests.swift */ = {isa = PBXFileReference; fileEncoding = 4; lastKnownFileType = sourcecode.swift; path = ForecastModelTests.swift; sourceTree = "<group>"; };
		63AE63DF1EC0B4E30055FDCF /* OpenWeatherMapService.swift */ = {isa = PBXFileReference; fileEncoding = 4; lastKnownFileType = sourcecode.swift; path = OpenWeatherMapService.swift; sourceTree = "<group>"; };
		63AE63E21EC0C1BF0055FDCF /* DayForecastViewModel.swift */ = {isa = PBXFileReference; fileEncoding = 4; lastKnownFileType = sourcecode.swift; path = DayForecastViewModel.swift; sourceTree = "<group>"; };
		63AE63E51EC0C46C0055FDCF /* WeekForecastController.swift */ = {isa = PBXFileReference; fileEncoding = 4; lastKnownFileType = sourcecode.swift; path = WeekForecastController.swift; sourceTree = "<group>"; };
		63AE63E71EC0C7AD0055FDCF /* ViewError.swift */ = {isa = PBXFileReference; fileEncoding = 4; lastKnownFileType = sourcecode.swift; path = ViewError.swift; sourceTree = "<group>"; };
		63AE63EB1EC0CDF80055FDCF /* WeekForecastControllerTests.swift */ = {isa = PBXFileReference; fileEncoding = 4; lastKnownFileType = sourcecode.swift; path = WeekForecastControllerTests.swift; sourceTree = "<group>"; };
		63AE63F01EC0DBDA0055FDCF /* ForcastViewController.swift */ = {isa = PBXFileReference; fileEncoding = 4; lastKnownFileType = sourcecode.swift; path = ForcastViewController.swift; sourceTree = "<group>"; };
		63AE63F21EC0DCAA0055FDCF /* ForcastTableView.swift */ = {isa = PBXFileReference; fileEncoding = 4; lastKnownFileType = sourcecode.swift; path = ForcastTableView.swift; sourceTree = "<group>"; };
		63AE63F41EC0DF0D0055FDCF /* ForecastTableViewCell.swift */ = {isa = PBXFileReference; fileEncoding = 4; lastKnownFileType = sourcecode.swift; path = ForecastTableViewCell.swift; sourceTree = "<group>"; };
		63AE63F81EC0E7CD0055FDCF /* OpenWeatherMapCache.swift */ = {isa = PBXFileReference; fileEncoding = 4; lastKnownFileType = sourcecode.swift; path = OpenWeatherMapCache.swift; sourceTree = "<group>"; };
		63AE63FA1EC0E8350055FDCF /* CoreData.framework */ = {isa = PBXFileReference; lastKnownFileType = wrapper.framework; name = CoreData.framework; path = System/Library/Frameworks/CoreData.framework; sourceTree = SDKROOT; };
		63AE643B1EC0ECF60055FDCF /* DayForecastCacheModel.swift */ = {isa = PBXFileReference; fileEncoding = 4; lastKnownFileType = sourcecode.swift; path = DayForecastCacheModel.swift; sourceTree = "<group>"; };
		63AE643E1EC0ED970055FDCF /* ForecastCache.xcdatamodel */ = {isa = PBXFileReference; lastKnownFileType = wrapper.xcdatamodel; path = ForecastCache.xcdatamodel; sourceTree = "<group>"; };
		63AE64501EC0F5B50055FDCF /* DayForecastEntity+CoreDataClass.swift */ = {isa = PBXFileReference; fileEncoding = 4; lastKnownFileType = sourcecode.swift; path = "DayForecastEntity+CoreDataClass.swift"; sourceTree = "<group>"; };
		63AE64511EC0F5B50055FDCF /* DayForecastEntity+CoreDataProperties.swift */ = {isa = PBXFileReference; fileEncoding = 4; lastKnownFileType = sourcecode.swift; path = "DayForecastEntity+CoreDataProperties.swift"; sourceTree = "<group>"; };
		6BC2F845965F6FFCA533E1FD /* Pods-WeatherAppUITests.debug.xcconfig */ = {isa = PBXFileReference; includeInIndex = 1; lastKnownFileType = text.xcconfig; name = "Pods-WeatherAppUITests.debug.xcconfig"; path = "Pods/Target Support Files/Pods-WeatherAppUITests/Pods-WeatherAppUITests.debug.xcconfig"; sourceTree = "<group>"; };
		7F76027B195EA5A911BCB576 /* Pods-WeatherAppTests.release.xcconfig */ = {isa = PBXFileReference; includeInIndex = 1; lastKnownFileType = text.xcconfig; name = "Pods-WeatherAppTests.release.xcconfig"; path = "Pods/Target Support Files/Pods-WeatherAppTests/Pods-WeatherAppTests.release.xcconfig"; sourceTree = "<group>"; };
		AA0B9D6E9CC7BAF6AE2EAFEB /* Pods_WeatherAppUITests.framework */ = {isa = PBXFileReference; explicitFileType = wrapper.framework; includeInIndex = 0; path = Pods_WeatherAppUITests.framework; sourceTree = BUILT_PRODUCTS_DIR; };
		CD317807C710BD2CC5A0C1E7 /* Pods-WeatherAppUITests.release.xcconfig */ = {isa = PBXFileReference; includeInIndex = 1; lastKnownFileType = text.xcconfig; name = "Pods-WeatherAppUITests.release.xcconfig"; path = "Pods/Target Support Files/Pods-WeatherAppUITests/Pods-WeatherAppUITests.release.xcconfig"; sourceTree = "<group>"; };
		D8E721A7A1827136BDF7B669 /* Pods-WeatherApp.release.xcconfig */ = {isa = PBXFileReference; includeInIndex = 1; lastKnownFileType = text.xcconfig; name = "Pods-WeatherApp.release.xcconfig"; path = "Pods/Target Support Files/Pods-WeatherApp/Pods-WeatherApp.release.xcconfig"; sourceTree = "<group>"; };
/* End PBXFileReference section */

/* Begin PBXFrameworksBuildPhase section */
		63AE63991EC099C30055FDCF /* Frameworks */ = {
			isa = PBXFrameworksBuildPhase;
			buildActionMask = 2147483647;
			files = (
				63AE63FB1EC0E8350055FDCF /* CoreData.framework in Frameworks */,
				C6BE46C7FA359C97C70D509E /* Pods_WeatherApp.framework in Frameworks */,
			);
			runOnlyForDeploymentPostprocessing = 0;
		};
		63AE63AD1EC099C40055FDCF /* Frameworks */ = {
			isa = PBXFrameworksBuildPhase;
			buildActionMask = 2147483647;
			files = (
				027C668BB23529A103B014D4 /* Pods_WeatherAppTests.framework in Frameworks */,
			);
			runOnlyForDeploymentPostprocessing = 0;
		};
		63AE63B81EC099C40055FDCF /* Frameworks */ = {
			isa = PBXFrameworksBuildPhase;
			buildActionMask = 2147483647;
			files = (
				F7DF0967110E04E8831157C4 /* Pods_WeatherAppUITests.framework in Frameworks */,
			);
			runOnlyForDeploymentPostprocessing = 0;
		};
/* End PBXFrameworksBuildPhase section */

/* Begin PBXGroup section */
		459B79FF982EE3BBC78BC12A /* Pods */ = {
			isa = PBXGroup;
			children = (
				6178718AFA495BF33B85E19D /* Pods-WeatherApp.debug.xcconfig */,
				D8E721A7A1827136BDF7B669 /* Pods-WeatherApp.release.xcconfig */,
				5B0E2CDDF0BCF6ED409ED6D9 /* Pods-WeatherAppTests.debug.xcconfig */,
				7F76027B195EA5A911BCB576 /* Pods-WeatherAppTests.release.xcconfig */,
				6BC2F845965F6FFCA533E1FD /* Pods-WeatherAppUITests.debug.xcconfig */,
				CD317807C710BD2CC5A0C1E7 /* Pods-WeatherAppUITests.release.xcconfig */,
			);
			name = Pods;
			sourceTree = "<group>";
		};
		56A71E25A1E91E2AF0BC1F26 /* Frameworks */ = {
			isa = PBXGroup;
			children = (
				63AE63FA1EC0E8350055FDCF /* CoreData.framework */,
				22030F6739A127B9D7AA6E2C /* Pods_WeatherApp.framework */,
				5423FF1D30077EA6CA506C10 /* Pods_WeatherAppTests.framework */,
				AA0B9D6E9CC7BAF6AE2EAFEB /* Pods_WeatherAppUITests.framework */,
			);
			name = Frameworks;
			sourceTree = "<group>";
		};
		63AE63931EC099C30055FDCF = {
			isa = PBXGroup;
			children = (
				63AE639E1EC099C40055FDCF /* WeatherApp */,
				63AE63B31EC099C40055FDCF /* WeatherAppTests */,
				63AE63BE1EC099C40055FDCF /* WeatherAppUITests */,
				63AE639D1EC099C40055FDCF /* Products */,
				459B79FF982EE3BBC78BC12A /* Pods */,
				56A71E25A1E91E2AF0BC1F26 /* Frameworks */,
			);
			sourceTree = "<group>";
		};
		63AE639D1EC099C40055FDCF /* Products */ = {
			isa = PBXGroup;
			children = (
				63AE639C1EC099C40055FDCF /* WeatherApp.app */,
				63AE63B01EC099C40055FDCF /* WeatherAppTests.xctest */,
				63AE63BB1EC099C40055FDCF /* WeatherAppUITests.xctest */,
			);
			name = Products;
			sourceTree = "<group>";
		};
		63AE639E1EC099C40055FDCF /* WeatherApp */ = {
			isa = PBXGroup;
			children = (
				63AE63EF1EC0DB010055FDCF /* Views */,
				63AE63E41EC0C36C0055FDCF /* Controllers */,
				63AE63E11EC0C18C0055FDCF /* ViewModels */,
				63AE63D21EC0A4CE0055FDCF /* Models */,
				63AE63CD1EC09A850055FDCF /* Services */,
				63AE63A61EC099C40055FDCF /* Assets.xcassets */,
				63AE63AB1EC099C40055FDCF /* Info.plist */,
			);
			path = WeatherApp;
			sourceTree = "<group>";
		};
		63AE63B31EC099C40055FDCF /* WeatherAppTests */ = {
			isa = PBXGroup;
			children = (
				63AE63B61EC099C40055FDCF /* Info.plist */,
				63AE63D01EC09BED0055FDCF /* OpenWeatherMapRouterTests.swift */,
				63AE63DB1EC0A92D0055FDCF /* DayForecastModelTests.swift */,
				63AE63DD1EC0A9390055FDCF /* ForecastModelTests.swift */,
				63AE63EB1EC0CDF80055FDCF /* WeekForecastControllerTests.swift */,
			);
			path = WeatherAppTests;
			sourceTree = "<group>";
		};
		63AE63BE1EC099C40055FDCF /* WeatherAppUITests */ = {
			isa = PBXGroup;
			children = (
				63AE63BF1EC099C40055FDCF /* WeatherAppUITests.swift */,
				63AE63C11EC099C40055FDCF /* Info.plist */,
			);
			path = WeatherAppUITests;
			sourceTree = "<group>";
		};
		63AE63CD1EC09A850055FDCF /* Services */ = {
			isa = PBXGroup;
			children = (
				63AE63CE1EC09AB00055FDCF /* OpenWeatherMapRouter.swift */,
				63AE63DF1EC0B4E30055FDCF /* OpenWeatherMapService.swift */,
				63AE63F81EC0E7CD0055FDCF /* OpenWeatherMapCache.swift */,
			);
			name = Services;
			path = ..;
			sourceTree = "<group>";
		};
		63AE63D21EC0A4CE0055FDCF /* Models */ = {
			isa = PBXGroup;
			children = (
				63AE63F71EC0E7A60055FDCF /* Cache */,
				63AE63F61EC0E79C0055FDCF /* Network */,
			);
			name = Models;
			sourceTree = "<group>";
		};
		63AE63E11EC0C18C0055FDCF /* ViewModels */ = {
			isa = PBXGroup;
			children = (
				63AE63E21EC0C1BF0055FDCF /* DayForecastViewModel.swift */,
				63AE63E71EC0C7AD0055FDCF /* ViewError.swift */,
			);
			name = ViewModels;
			sourceTree = "<group>";
		};
		63AE63E41EC0C36C0055FDCF /* Controllers */ = {
			isa = PBXGroup;
			children = (
				63AE639F1EC099C40055FDCF /* AppDelegate.swift */,
				63AE63E51EC0C46C0055FDCF /* WeekForecastController.swift */,
			);
			name = Controllers;
			sourceTree = "<group>";
		};
		63AE63EF1EC0DB010055FDCF /* Views */ = {
			isa = PBXGroup;
			children = (
				63AE63A81EC099C40055FDCF /* LaunchScreen.storyboard */,
				63AE63A31EC099C40055FDCF /* Main.storyboard */,
				63AE63F01EC0DBDA0055FDCF /* ForcastViewController.swift */,
				63AE63F21EC0DCAA0055FDCF /* ForcastTableView.swift */,
				63AE63F41EC0DF0D0055FDCF /* ForecastTableViewCell.swift */,
			);
			name = Views;
			sourceTree = "<group>";
		};
		63AE63F61EC0E79C0055FDCF /* Network */ = {
			isa = PBXGroup;
			children = (
				63AE63D31EC0A5170055FDCF /* ResponseSerialization.swift */,
				63AE63D51EC0A5350055FDCF /* BackendError.swift */,
				63AE63D71EC0A63C0055FDCF /* ForecastModel.swift */,
				63AE63D91EC0A7460055FDCF /* DayForecastModel.swift */,
			);
			name = Network;
			sourceTree = "<group>";
		};
		63AE63F71EC0E7A60055FDCF /* Cache */ = {
			isa = PBXGroup;
			children = (
				63AE64501EC0F5B50055FDCF /* DayForecastEntity+CoreDataClass.swift */,
				63AE64511EC0F5B50055FDCF /* DayForecastEntity+CoreDataProperties.swift */,
				63AE643B1EC0ECF60055FDCF /* DayForecastCacheModel.swift */,
				63AE643D1EC0ED970055FDCF /* ForecastCache.xcdatamodeld */,
			);
			name = Cache;
			sourceTree = "<group>";
		};
/* End PBXGroup section */

/* Begin PBXNativeTarget section */
		63AE639B1EC099C30055FDCF /* WeatherApp */ = {
			isa = PBXNativeTarget;
			buildConfigurationList = 63AE63C41EC099C40055FDCF /* Build configuration list for PBXNativeTarget "WeatherApp" */;
			buildPhases = (
				0728B721C0C37E94DEF93B18 /* [CP] Check Pods Manifest.lock */,
				63AE63981EC099C30055FDCF /* Sources */,
				63AE63991EC099C30055FDCF /* Frameworks */,
				63AE639A1EC099C30055FDCF /* Resources */,
				4AA1330F2739E5DB90B7A24B /* [CP] Embed Pods Frameworks */,
				2D5B47B5F50CD996C6495B99 /* [CP] Copy Pods Resources */,
			);
			buildRules = (
			);
			dependencies = (
			);
			name = WeatherApp;
			productName = WeatherApp;
			productReference = 63AE639C1EC099C40055FDCF /* WeatherApp.app */;
			productType = "com.apple.product-type.application";
		};
		63AE63AF1EC099C40055FDCF /* WeatherAppTests */ = {
			isa = PBXNativeTarget;
			buildConfigurationList = 63AE63C71EC099C40055FDCF /* Build configuration list for PBXNativeTarget "WeatherAppTests" */;
			buildPhases = (
				E0742AE3916C7A26D8B0E1FD /* [CP] Check Pods Manifest.lock */,
				63AE63AC1EC099C40055FDCF /* Sources */,
				63AE63AD1EC099C40055FDCF /* Frameworks */,
				63AE63AE1EC099C40055FDCF /* Resources */,
				582E4A656EABF0D84C8E1F76 /* [CP] Embed Pods Frameworks */,
				C92EA302D723970218C8C645 /* [CP] Copy Pods Resources */,
			);
			buildRules = (
			);
			dependencies = (
				63AE63B21EC099C40055FDCF /* PBXTargetDependency */,
			);
			name = WeatherAppTests;
			productName = WeatherAppTests;
			productReference = 63AE63B01EC099C40055FDCF /* WeatherAppTests.xctest */;
			productType = "com.apple.product-type.bundle.unit-test";
		};
		63AE63BA1EC099C40055FDCF /* WeatherAppUITests */ = {
			isa = PBXNativeTarget;
			buildConfigurationList = 63AE63CA1EC099C40055FDCF /* Build configuration list for PBXNativeTarget "WeatherAppUITests" */;
			buildPhases = (
				5A531052BF03424123C51D34 /* [CP] Check Pods Manifest.lock */,
				63AE63B71EC099C40055FDCF /* Sources */,
				63AE63B81EC099C40055FDCF /* Frameworks */,
				63AE63B91EC099C40055FDCF /* Resources */,
				B92C876CAD8C2E9D10256417 /* [CP] Embed Pods Frameworks */,
				9AB6D3C5B4B9A683C5010A27 /* [CP] Copy Pods Resources */,
			);
			buildRules = (
			);
			dependencies = (
				63AE63BD1EC099C40055FDCF /* PBXTargetDependency */,
			);
			name = WeatherAppUITests;
			productName = WeatherAppUITests;
			productReference = 63AE63BB1EC099C40055FDCF /* WeatherAppUITests.xctest */;
			productType = "com.apple.product-type.bundle.ui-testing";
		};
/* End PBXNativeTarget section */

/* Begin PBXProject section */
		63AE63941EC099C30055FDCF /* Project object */ = {
			isa = PBXProject;
			attributes = {
				LastSwiftUpdateCheck = 0830;
				LastUpgradeCheck = 0830;
				ORGANIZATIONNAME = DavidStanton;
				TargetAttributes = {
					63AE639B1EC099C30055FDCF = {
						CreatedOnToolsVersion = 8.3.1;
						DevelopmentTeam = 6C5TLDVCTP;
						ProvisioningStyle = Automatic;
					};
					63AE63AF1EC099C40055FDCF = {
						CreatedOnToolsVersion = 8.3.1;
						DevelopmentTeam = 6C5TLDVCTP;
						ProvisioningStyle = Automatic;
						TestTargetID = 63AE639B1EC099C30055FDCF;
					};
					63AE63BA1EC099C40055FDCF = {
						CreatedOnToolsVersion = 8.3.1;
						DevelopmentTeam = 6C5TLDVCTP;
						ProvisioningStyle = Automatic;
						TestTargetID = 63AE639B1EC099C30055FDCF;
					};
				};
			};
			buildConfigurationList = 63AE63971EC099C30055FDCF /* Build configuration list for PBXProject "WeatherApp" */;
			compatibilityVersion = "Xcode 3.2";
			developmentRegion = English;
			hasScannedForEncodings = 0;
			knownRegions = (
				en,
				Base,
			);
			mainGroup = 63AE63931EC099C30055FDCF;
			productRefGroup = 63AE639D1EC099C40055FDCF /* Products */;
			projectDirPath = "";
			projectRoot = "";
			targets = (
				63AE639B1EC099C30055FDCF /* WeatherApp */,
				63AE63AF1EC099C40055FDCF /* WeatherAppTests */,
				63AE63BA1EC099C40055FDCF /* WeatherAppUITests */,
			);
		};
/* End PBXProject section */

/* Begin PBXResourcesBuildPhase section */
		63AE639A1EC099C30055FDCF /* Resources */ = {
			isa = PBXResourcesBuildPhase;
			buildActionMask = 2147483647;
			files = (
				63AE63AA1EC099C40055FDCF /* LaunchScreen.storyboard in Resources */,
				63AE63A71EC099C40055FDCF /* Assets.xcassets in Resources */,
				63AE63A51EC099C40055FDCF /* Main.storyboard in Resources */,
			);
			runOnlyForDeploymentPostprocessing = 0;
		};
		63AE63AE1EC099C40055FDCF /* Resources */ = {
			isa = PBXResourcesBuildPhase;
			buildActionMask = 2147483647;
			files = (
			);
			runOnlyForDeploymentPostprocessing = 0;
		};
		63AE63B91EC099C40055FDCF /* Resources */ = {
			isa = PBXResourcesBuildPhase;
			buildActionMask = 2147483647;
			files = (
			);
			runOnlyForDeploymentPostprocessing = 0;
		};
/* End PBXResourcesBuildPhase section */

/* Begin PBXShellScriptBuildPhase section */
		0728B721C0C37E94DEF93B18 /* [CP] Check Pods Manifest.lock */ = {
			isa = PBXShellScriptBuildPhase;
			buildActionMask = 2147483647;
			files = (
			);
			inputPaths = (
			);
			name = "[CP] Check Pods Manifest.lock";
			outputPaths = (
			);
			runOnlyForDeploymentPostprocessing = 0;
			shellPath = /bin/sh;
			shellScript = "diff \"${PODS_ROOT}/../Podfile.lock\" \"${PODS_ROOT}/Manifest.lock\" > /dev/null\nif [ $? != 0 ] ; then\n    # print error to STDERR\n    echo \"error: The sandbox is not in sync with the Podfile.lock. Run 'pod install' or update your CocoaPods installation.\" >&2\n    exit 1\nfi\n";
			showEnvVarsInLog = 0;
		};
		2D5B47B5F50CD996C6495B99 /* [CP] Copy Pods Resources */ = {
			isa = PBXShellScriptBuildPhase;
			buildActionMask = 2147483647;
			files = (
			);
			inputPaths = (
			);
			name = "[CP] Copy Pods Resources";
			outputPaths = (
			);
			runOnlyForDeploymentPostprocessing = 0;
			shellPath = /bin/sh;
			shellScript = "\"${SRCROOT}/Pods/Target Support Files/Pods-WeatherApp/Pods-WeatherApp-resources.sh\"\n";
			showEnvVarsInLog = 0;
		};
		4AA1330F2739E5DB90B7A24B /* [CP] Embed Pods Frameworks */ = {
			isa = PBXShellScriptBuildPhase;
			buildActionMask = 2147483647;
			files = (
			);
			inputPaths = (
			);
			name = "[CP] Embed Pods Frameworks";
			outputPaths = (
			);
			runOnlyForDeploymentPostprocessing = 0;
			shellPath = /bin/sh;
			shellScript = "\"${SRCROOT}/Pods/Target Support Files/Pods-WeatherApp/Pods-WeatherApp-frameworks.sh\"\n";
			showEnvVarsInLog = 0;
		};
		582E4A656EABF0D84C8E1F76 /* [CP] Embed Pods Frameworks */ = {
			isa = PBXShellScriptBuildPhase;
			buildActionMask = 2147483647;
			files = (
			);
			inputPaths = (
			);
			name = "[CP] Embed Pods Frameworks";
			outputPaths = (
			);
			runOnlyForDeploymentPostprocessing = 0;
			shellPath = /bin/sh;
			shellScript = "\"${SRCROOT}/Pods/Target Support Files/Pods-WeatherAppTests/Pods-WeatherAppTests-frameworks.sh\"\n";
			showEnvVarsInLog = 0;
		};
		5A531052BF03424123C51D34 /* [CP] Check Pods Manifest.lock */ = {
			isa = PBXShellScriptBuildPhase;
			buildActionMask = 2147483647;
			files = (
			);
			inputPaths = (
			);
			name = "[CP] Check Pods Manifest.lock";
			outputPaths = (
			);
			runOnlyForDeploymentPostprocessing = 0;
			shellPath = /bin/sh;
			shellScript = "diff \"${PODS_ROOT}/../Podfile.lock\" \"${PODS_ROOT}/Manifest.lock\" > /dev/null\nif [ $? != 0 ] ; then\n    # print error to STDERR\n    echo \"error: The sandbox is not in sync with the Podfile.lock. Run 'pod install' or update your CocoaPods installation.\" >&2\n    exit 1\nfi\n";
			showEnvVarsInLog = 0;
		};
		9AB6D3C5B4B9A683C5010A27 /* [CP] Copy Pods Resources */ = {
			isa = PBXShellScriptBuildPhase;
			buildActionMask = 2147483647;
			files = (
			);
			inputPaths = (
			);
			name = "[CP] Copy Pods Resources";
			outputPaths = (
			);
			runOnlyForDeploymentPostprocessing = 0;
			shellPath = /bin/sh;
			shellScript = "\"${SRCROOT}/Pods/Target Support Files/Pods-WeatherAppUITests/Pods-WeatherAppUITests-resources.sh\"\n";
			showEnvVarsInLog = 0;
		};
		B92C876CAD8C2E9D10256417 /* [CP] Embed Pods Frameworks */ = {
			isa = PBXShellScriptBuildPhase;
			buildActionMask = 2147483647;
			files = (
			);
			inputPaths = (
			);
			name = "[CP] Embed Pods Frameworks";
			outputPaths = (
			);
			runOnlyForDeploymentPostprocessing = 0;
			shellPath = /bin/sh;
			shellScript = "\"${SRCROOT}/Pods/Target Support Files/Pods-WeatherAppUITests/Pods-WeatherAppUITests-frameworks.sh\"\n";
			showEnvVarsInLog = 0;
		};
		C92EA302D723970218C8C645 /* [CP] Copy Pods Resources */ = {
			isa = PBXShellScriptBuildPhase;
			buildActionMask = 2147483647;
			files = (
			);
			inputPaths = (
			);
			name = "[CP] Copy Pods Resources";
			outputPaths = (
			);
			runOnlyForDeploymentPostprocessing = 0;
			shellPath = /bin/sh;
			shellScript = "\"${SRCROOT}/Pods/Target Support Files/Pods-WeatherAppTests/Pods-WeatherAppTests-resources.sh\"\n";
			showEnvVarsInLog = 0;
		};
		E0742AE3916C7A26D8B0E1FD /* [CP] Check Pods Manifest.lock */ = {
			isa = PBXShellScriptBuildPhase;
			buildActionMask = 2147483647;
			files = (
			);
			inputPaths = (
			);
			name = "[CP] Check Pods Manifest.lock";
			outputPaths = (
			);
			runOnlyForDeploymentPostprocessing = 0;
			shellPath = /bin/sh;
			shellScript = "diff \"${PODS_ROOT}/../Podfile.lock\" \"${PODS_ROOT}/Manifest.lock\" > /dev/null\nif [ $? != 0 ] ; then\n    # print error to STDERR\n    echo \"error: The sandbox is not in sync with the Podfile.lock. Run 'pod install' or update your CocoaPods installation.\" >&2\n    exit 1\nfi\n";
			showEnvVarsInLog = 0;
		};
/* End PBXShellScriptBuildPhase section */

/* Begin PBXSourcesBuildPhase section */
		63AE63981EC099C30055FDCF /* Sources */ = {
			isa = PBXSourcesBuildPhase;
			buildActionMask = 2147483647;
			files = (
				63AE643C1EC0ECF60055FDCF /* DayForecastCacheModel.swift in Sources */,
				63AE63E61EC0C46C0055FDCF /* WeekForecastController.swift in Sources */,
				63AE63CF1EC09AB00055FDCF /* OpenWeatherMapRouter.swift in Sources */,
				63AE63D81EC0A63C0055FDCF /* ForecastModel.swift in Sources */,
				63AE63E81EC0C7AD0055FDCF /* ViewError.swift in Sources */,
				63AE63DA1EC0A7460055FDCF /* DayForecastModel.swift in Sources */,
				63AE63F31EC0DCAA0055FDCF /* ForcastTableView.swift in Sources */,
				63AE63F51EC0DF0D0055FDCF /* ForecastTableViewCell.swift in Sources */,
				63AE63D61EC0A5350055FDCF /* BackendError.swift in Sources */,
				63AE64521EC0F5B50055FDCF /* DayForecastEntity+CoreDataClass.swift in Sources */,
				63AE64531EC0F5B50055FDCF /* DayForecastEntity+CoreDataProperties.swift in Sources */,
				63AE63A01EC099C40055FDCF /* AppDelegate.swift in Sources */,
				63AE63F11EC0DBDA0055FDCF /* ForcastViewController.swift in Sources */,
				63AE63F91EC0E7CD0055FDCF /* OpenWeatherMapCache.swift in Sources */,
				63AE63D41EC0A5170055FDCF /* ResponseSerialization.swift in Sources */,
				63AE643F1EC0ED970055FDCF /* ForecastCache.xcdatamodeld in Sources */,
				63AE63E01EC0B4E30055FDCF /* OpenWeatherMapService.swift in Sources */,
				63AE63E31EC0C1BF0055FDCF /* DayForecastViewModel.swift in Sources */,
			);
			runOnlyForDeploymentPostprocessing = 0;
		};
		63AE63AC1EC099C40055FDCF /* Sources */ = {
			isa = PBXSourcesBuildPhase;
			buildActionMask = 2147483647;
			files = (
				63AE63D11EC09BED0055FDCF /* OpenWeatherMapRouterTests.swift in Sources */,
				63AE63DC1EC0A92D0055FDCF /* DayForecastModelTests.swift in Sources */,
				63AE63EC1EC0CDF80055FDCF /* WeekForecastControllerTests.swift in Sources */,
				63AE63DE1EC0A9390055FDCF /* ForecastModelTests.swift in Sources */,
			);
			runOnlyForDeploymentPostprocessing = 0;
		};
		63AE63B71EC099C40055FDCF /* Sources */ = {
			isa = PBXSourcesBuildPhase;
			buildActionMask = 2147483647;
			files = (
				63AE63C01EC099C40055FDCF /* WeatherAppUITests.swift in Sources */,
			);
			runOnlyForDeploymentPostprocessing = 0;
		};
/* End PBXSourcesBuildPhase section */

/* Begin PBXTargetDependency section */
		63AE63B21EC099C40055FDCF /* PBXTargetDependency */ = {
			isa = PBXTargetDependency;
			target = 63AE639B1EC099C30055FDCF /* WeatherApp */;
			targetProxy = 63AE63B11EC099C40055FDCF /* PBXContainerItemProxy */;
		};
		63AE63BD1EC099C40055FDCF /* PBXTargetDependency */ = {
			isa = PBXTargetDependency;
			target = 63AE639B1EC099C30055FDCF /* WeatherApp */;
			targetProxy = 63AE63BC1EC099C40055FDCF /* PBXContainerItemProxy */;
		};
/* End PBXTargetDependency section */

/* Begin PBXVariantGroup section */
		63AE63A31EC099C40055FDCF /* Main.storyboard */ = {
			isa = PBXVariantGroup;
			children = (
				63AE63A41EC099C40055FDCF /* Base */,
			);
			name = Main.storyboard;
			sourceTree = "<group>";
		};
		63AE63A81EC099C40055FDCF /* LaunchScreen.storyboard */ = {
			isa = PBXVariantGroup;
			children = (
				63AE63A91EC099C40055FDCF /* Base */,
			);
			name = LaunchScreen.storyboard;
			sourceTree = "<group>";
		};
/* End PBXVariantGroup section */

/* Begin XCBuildConfiguration section */
		63AE63C21EC099C40055FDCF /* Debug */ = {
			isa = XCBuildConfiguration;
			buildSettings = {
				ALWAYS_SEARCH_USER_PATHS = NO;
				CLANG_ANALYZER_NONNULL = YES;
				CLANG_ANALYZER_NUMBER_OBJECT_CONVERSION = YES_AGGRESSIVE;
				CLANG_CXX_LANGUAGE_STANDARD = "gnu++0x";
				CLANG_CXX_LIBRARY = "libc++";
				CLANG_ENABLE_MODULES = YES;
				CLANG_ENABLE_OBJC_ARC = YES;
				CLANG_WARN_BOOL_CONVERSION = YES;
				CLANG_WARN_CONSTANT_CONVERSION = YES;
				CLANG_WARN_DIRECT_OBJC_ISA_USAGE = YES_ERROR;
				CLANG_WARN_DOCUMENTATION_COMMENTS = YES;
				CLANG_WARN_EMPTY_BODY = YES;
				CLANG_WARN_ENUM_CONVERSION = YES;
				CLANG_WARN_INFINITE_RECURSION = YES;
				CLANG_WARN_INT_CONVERSION = YES;
				CLANG_WARN_OBJC_ROOT_CLASS = YES_ERROR;
				CLANG_WARN_SUSPICIOUS_MOVE = YES;
				CLANG_WARN_UNREACHABLE_CODE = YES;
				CLANG_WARN__DUPLICATE_METHOD_MATCH = YES;
				"CODE_SIGN_IDENTITY[sdk=iphoneos*]" = "iPhone Developer";
				COPY_PHASE_STRIP = NO;
				DEBUG_INFORMATION_FORMAT = dwarf;
				ENABLE_STRICT_OBJC_MSGSEND = YES;
				ENABLE_TESTABILITY = YES;
				GCC_C_LANGUAGE_STANDARD = gnu99;
				GCC_DYNAMIC_NO_PIC = NO;
				GCC_NO_COMMON_BLOCKS = YES;
				GCC_OPTIMIZATION_LEVEL = 0;
				GCC_PREPROCESSOR_DEFINITIONS = (
					"DEBUG=1",
					"$(inherited)",
				);
				GCC_WARN_64_TO_32_BIT_CONVERSION = YES;
				GCC_WARN_ABOUT_RETURN_TYPE = YES_ERROR;
				GCC_WARN_UNDECLARED_SELECTOR = YES;
				GCC_WARN_UNINITIALIZED_AUTOS = YES_AGGRESSIVE;
				GCC_WARN_UNUSED_FUNCTION = YES;
				GCC_WARN_UNUSED_VARIABLE = YES;
				IPHONEOS_DEPLOYMENT_TARGET = 10.3;
				MTL_ENABLE_DEBUG_INFO = YES;
				ONLY_ACTIVE_ARCH = YES;
				SDKROOT = iphoneos;
				SWIFT_ACTIVE_COMPILATION_CONDITIONS = DEBUG;
				SWIFT_OPTIMIZATION_LEVEL = "-Onone";
				TARGETED_DEVICE_FAMILY = "1,2";
			};
			name = Debug;
		};
		63AE63C31EC099C40055FDCF /* Release */ = {
			isa = XCBuildConfiguration;
			buildSettings = {
				ALWAYS_SEARCH_USER_PATHS = NO;
				CLANG_ANALYZER_NONNULL = YES;
				CLANG_ANALYZER_NUMBER_OBJECT_CONVERSION = YES_AGGRESSIVE;
				CLANG_CXX_LANGUAGE_STANDARD = "gnu++0x";
				CLANG_CXX_LIBRARY = "libc++";
				CLANG_ENABLE_MODULES = YES;
				CLANG_ENABLE_OBJC_ARC = YES;
				CLANG_WARN_BOOL_CONVERSION = YES;
				CLANG_WARN_CONSTANT_CONVERSION = YES;
				CLANG_WARN_DIRECT_OBJC_ISA_USAGE = YES_ERROR;
				CLANG_WARN_DOCUMENTATION_COMMENTS = YES;
				CLANG_WARN_EMPTY_BODY = YES;
				CLANG_WARN_ENUM_CONVERSION = YES;
				CLANG_WARN_INFINITE_RECURSION = YES;
				CLANG_WARN_INT_CONVERSION = YES;
				CLANG_WARN_OBJC_ROOT_CLASS = YES_ERROR;
				CLANG_WARN_SUSPICIOUS_MOVE = YES;
				CLANG_WARN_UNREACHABLE_CODE = YES;
				CLANG_WARN__DUPLICATE_METHOD_MATCH = YES;
				"CODE_SIGN_IDENTITY[sdk=iphoneos*]" = "iPhone Developer";
				COPY_PHASE_STRIP = NO;
				DEBUG_INFORMATION_FORMAT = "dwarf-with-dsym";
				ENABLE_NS_ASSERTIONS = NO;
				ENABLE_STRICT_OBJC_MSGSEND = YES;
				GCC_C_LANGUAGE_STANDARD = gnu99;
				GCC_NO_COMMON_BLOCKS = YES;
				GCC_WARN_64_TO_32_BIT_CONVERSION = YES;
				GCC_WARN_ABOUT_RETURN_TYPE = YES_ERROR;
				GCC_WARN_UNDECLARED_SELECTOR = YES;
				GCC_WARN_UNINITIALIZED_AUTOS = YES_AGGRESSIVE;
				GCC_WARN_UNUSED_FUNCTION = YES;
				GCC_WARN_UNUSED_VARIABLE = YES;
				IPHONEOS_DEPLOYMENT_TARGET = 10.3;
				MTL_ENABLE_DEBUG_INFO = NO;
				SDKROOT = iphoneos;
				SWIFT_OPTIMIZATION_LEVEL = "-Owholemodule";
				TARGETED_DEVICE_FAMILY = "1,2";
				VALIDATE_PRODUCT = YES;
			};
			name = Release;
		};
		63AE63C51EC099C40055FDCF /* Debug */ = {
			isa = XCBuildConfiguration;
			baseConfigurationReference = 6178718AFA495BF33B85E19D /* Pods-WeatherApp.debug.xcconfig */;
			buildSettings = {
				ASSETCATALOG_COMPILER_APPICON_NAME = AppIcon;
				DEVELOPMENT_TEAM = 6C5TLDVCTP;
				INFOPLIST_FILE = WeatherApp/Info.plist;
				LD_RUNPATH_SEARCH_PATHS = "$(inherited) @executable_path/Frameworks";
				PRODUCT_BUNDLE_IDENTIFIER = me.DavidStanton.WeatherApp;
				PRODUCT_NAME = "$(TARGET_NAME)";
				SWIFT_VERSION = 3.0;
			};
			name = Debug;
		};
		63AE63C61EC099C40055FDCF /* Release */ = {
			isa = XCBuildConfiguration;
			baseConfigurationReference = D8E721A7A1827136BDF7B669 /* Pods-WeatherApp.release.xcconfig */;
			buildSettings = {
				ASSETCATALOG_COMPILER_APPICON_NAME = AppIcon;
				DEVELOPMENT_TEAM = 6C5TLDVCTP;
				INFOPLIST_FILE = WeatherApp/Info.plist;
				LD_RUNPATH_SEARCH_PATHS = "$(inherited) @executable_path/Frameworks";
				PRODUCT_BUNDLE_IDENTIFIER = me.DavidStanton.WeatherApp;
				PRODUCT_NAME = "$(TARGET_NAME)";
				SWIFT_VERSION = 3.0;
			};
			name = Release;
		};
		63AE63C81EC099C40055FDCF /* Debug */ = {
			isa = XCBuildConfiguration;
			baseConfigurationReference = 5B0E2CDDF0BCF6ED409ED6D9 /* Pods-WeatherAppTests.debug.xcconfig */;
			buildSettings = {
				ALWAYS_EMBED_SWIFT_STANDARD_LIBRARIES = YES;
				BUNDLE_LOADER = "$(TEST_HOST)";
				DEVELOPMENT_TEAM = 6C5TLDVCTP;
				INFOPLIST_FILE = WeatherAppTests/Info.plist;
				LD_RUNPATH_SEARCH_PATHS = "$(inherited) @executable_path/Frameworks @loader_path/Frameworks";
				PRODUCT_BUNDLE_IDENTIFIER = me.DavidStanton.WeatherAppTests;
				PRODUCT_NAME = "$(TARGET_NAME)";
				SWIFT_VERSION = 3.0;
				TEST_HOST = "$(BUILT_PRODUCTS_DIR)/WeatherApp.app/WeatherApp";
			};
			name = Debug;
		};
		63AE63C91EC099C40055FDCF /* Release */ = {
			isa = XCBuildConfiguration;
			baseConfigurationReference = 7F76027B195EA5A911BCB576 /* Pods-WeatherAppTests.release.xcconfig */;
			buildSettings = {
				ALWAYS_EMBED_SWIFT_STANDARD_LIBRARIES = YES;
				BUNDLE_LOADER = "$(TEST_HOST)";
				DEVELOPMENT_TEAM = 6C5TLDVCTP;
				INFOPLIST_FILE = WeatherAppTests/Info.plist;
				LD_RUNPATH_SEARCH_PATHS = "$(inherited) @executable_path/Frameworks @loader_path/Frameworks";
				PRODUCT_BUNDLE_IDENTIFIER = me.DavidStanton.WeatherAppTests;
				PRODUCT_NAME = "$(TARGET_NAME)";
				SWIFT_VERSION = 3.0;
				TEST_HOST = "$(BUILT_PRODUCTS_DIR)/WeatherApp.app/WeatherApp";
			};
			name = Release;
		};
		63AE63CB1EC099C40055FDCF /* Debug */ = {
			isa = XCBuildConfiguration;
			baseConfigurationReference = 6BC2F845965F6FFCA533E1FD /* Pods-WeatherAppUITests.debug.xcconfig */;
			buildSettings = {
				ALWAYS_EMBED_SWIFT_STANDARD_LIBRARIES = YES;
				DEVELOPMENT_TEAM = 6C5TLDVCTP;
				INFOPLIST_FILE = WeatherAppUITests/Info.plist;
				LD_RUNPATH_SEARCH_PATHS = "$(inherited) @executable_path/Frameworks @loader_path/Frameworks";
				PRODUCT_BUNDLE_IDENTIFIER = me.DavidStanton.WeatherAppUITests;
				PRODUCT_NAME = "$(TARGET_NAME)";
				SWIFT_VERSION = 3.0;
				TEST_TARGET_NAME = WeatherApp;
			};
			name = Debug;
		};
		63AE63CC1EC099C40055FDCF /* Release */ = {
			isa = XCBuildConfiguration;
			baseConfigurationReference = CD317807C710BD2CC5A0C1E7 /* Pods-WeatherAppUITests.release.xcconfig */;
			buildSettings = {
				ALWAYS_EMBED_SWIFT_STANDARD_LIBRARIES = YES;
				DEVELOPMENT_TEAM = 6C5TLDVCTP;
				INFOPLIST_FILE = WeatherAppUITests/Info.plist;
				LD_RUNPATH_SEARCH_PATHS = "$(inherited) @executable_path/Frameworks @loader_path/Frameworks";
				PRODUCT_BUNDLE_IDENTIFIER = me.DavidStanton.WeatherAppUITests;
				PRODUCT_NAME = "$(TARGET_NAME)";
				SWIFT_VERSION = 3.0;
				TEST_TARGET_NAME = WeatherApp;
			};
			name = Release;
		};
/* End XCBuildConfiguration section */

/* Begin XCConfigurationList section */
		63AE63971EC099C30055FDCF /* Build configuration list for PBXProject "WeatherApp" */ = {
			isa = XCConfigurationList;
			buildConfigurations = (
				63AE63C21EC099C40055FDCF /* Debug */,
				63AE63C31EC099C40055FDCF /* Release */,
			);
			defaultConfigurationIsVisible = 0;
			defaultConfigurationName = Release;
		};
		63AE63C41EC099C40055FDCF /* Build configuration list for PBXNativeTarget "WeatherApp" */ = {
			isa = XCConfigurationList;
			buildConfigurations = (
				63AE63C51EC099C40055FDCF /* Debug */,
				63AE63C61EC099C40055FDCF /* Release */,
			);
			defaultConfigurationIsVisible = 0;
			defaultConfigurationName = Release;
		};
		63AE63C71EC099C40055FDCF /* Build configuration list for PBXNativeTarget "WeatherAppTests" */ = {
			isa = XCConfigurationList;
			buildConfigurations = (
				63AE63C81EC099C40055FDCF /* Debug */,
				63AE63C91EC099C40055FDCF /* Release */,
			);
			defaultConfigurationIsVisible = 0;
			defaultConfigurationName = Release;
		};
		63AE63CA1EC099C40055FDCF /* Build configuration list for PBXNativeTarget "WeatherAppUITests" */ = {
			isa = XCConfigurationList;
			buildConfigurations = (
				63AE63CB1EC099C40055FDCF /* Debug */,
				63AE63CC1EC099C40055FDCF /* Release */,
			);
			defaultConfigurationIsVisible = 0;
			defaultConfigurationName = Release;
		};
/* End XCConfigurationList section */

/* Begin XCVersionGroup section */
		63AE643D1EC0ED970055FDCF /* ForecastCache.xcdatamodeld */ = {
			isa = XCVersionGroup;
			children = (
				63AE643E1EC0ED970055FDCF /* ForecastCache.xcdatamodel */,
			);
			currentVersion = 63AE643E1EC0ED970055FDCF /* ForecastCache.xcdatamodel */;
			path = ForecastCache.xcdatamodeld;
			sourceTree = "<group>";
			versionGroupType = wrapper.xcdatamodel;
		};
/* End XCVersionGroup section */
	};
	rootObject = 63AE63941EC099C30055FDCF /* Project object */;
}
